
Microsoft Visual Studio Solution File, Format Version 12.00
# Visual Studio Version 17
VisualStudioVersion = 17.14.36518.9
MinimumVisualStudioVersion = 10.0.40219.1
Project("{FAE04EC0-301F-11D3-BF4B-00C04F79EFBC}") = "ListaLeitura.Api", "ListaLeitura.Api\ListaLeitura.Api.csproj", "{09BEBC36-F014-4425-A3C7-41FDE13D61DA}"
EndProject
Project("{FAE04EC0-301F-11D3-BF4B-00C04F79EFBC}") = "ListaLeitura.Core", "..\ListaLeitura.Core\ListaLeitura.Core\ListaLeitura.Core.csproj", "{586FFFF4-C029-2D1C-9CA2-4CA66E89A820}"
EndProject
Project("{FAE04EC0-301F-11D3-BF4B-00C04F79EFBC}") = "Validacoes", "Validacoes\Validacoes.csproj", "{BFB8E11A-EE51-42EC-A0BD-D753BF614883}"
EndProject
Global
	GlobalSection(SolutionConfigurationPlatforms) = preSolution
		Debug|Any CPU = Debug|Any CPU
		Release|Any CPU = Release|Any CPU
	EndGlobalSection
	GlobalSection(ProjectConfigurationPlatforms) = postSolution
		{09BEBC36-F014-4425-A3C7-41FDE13D61DA}.Debug|Any CPU.ActiveCfg = Debug|Any CPU
		{09BEBC36-F014-4425-A3C7-41FDE13D61DA}.Debug|Any CPU.Build.0 = Debug|Any CPU
		{09BEBC36-F014-4425-A3C7-41FDE13D61DA}.Release|Any CPU.ActiveCfg = Release|Any CPU
		{09BEBC36-F014-4425-A3C7-41FDE13D61DA}.Release|Any CPU.Build.0 = Release|Any CPU
		{586FFFF4-C029-2D1C-9CA2-4CA66E89A820}.Debug|Any CPU.ActiveCfg = Debug|Any CPU
		{586FFFF4-C029-2D1C-9CA2-4CA66E89A820}.Debug|Any CPU.Build.0 = Debug|Any CPU
		{586FFFF4-C029-2D1C-9CA2-4CA66E89A820}.Release|Any CPU.ActiveCfg = Release|Any CPU
		{586FFFF4-C029-2D1C-9CA2-4CA66E89A820}.Release|Any CPU.Build.0 = Release|Any CPU
		{BFB8E11A-EE51-42EC-A0BD-D753BF614883}.Debug|Any CPU.ActiveCfg = Debug|Any CPU
		{BFB8E11A-EE51-42EC-A0BD-D753BF614883}.Debug|Any CPU.Build.0 = Debug|Any CPU
		{BFB8E11A-EE51-42EC-A0BD-D753BF614883}.Release|Any CPU.ActiveCfg = Release|Any CPU
		{BFB8E11A-EE51-42EC-A0BD-D753BF614883}.Release|Any CPU.Build.0 = Release|Any CPU
	EndGlobalSection
	GlobalSection(SolutionProperties) = preSolution
		HideSolutionNode = FALSE
	EndGlobalSection
	GlobalSection(ExtensibilityGlobals) = postSolution
		SolutionGuid = {BC7E786B-5C8B-4307-B1B6-B2943096D439}
	EndGlobalSection
EndGlobal
