
Microsoft Visual Studio Solution File, Format Version 12.00
# Visual Studio Version 17
VisualStudioVersion = 17.14.36518.9 d17.14
MinimumVisualStudioVersion = 10.0.40219.1
Project("{FAE04EC0-301F-11D3-BF4B-00C04F79EFBC}") = "ListaLeitura.Core", "ListaLeitura.Core\ListaLeitura.Core.csproj", "{636F7FEB-12AF-4001-BEF5-7D853C712A3A}"
EndProject
Global
	GlobalSection(SolutionConfigurationPlatforms) = preSolution
		Debug|Any CPU = Debug|Any CPU
		Release|Any CPU = Release|Any CPU
	EndGlobalSection
	GlobalSection(ProjectConfigurationPlatforms) = postSolution
		{636F7FEB-12AF-4001-BEF5-7D853C712A3A}.Debug|Any CPU.ActiveCfg = Debug|Any CPU
		{636F7FEB-12AF-4001-BEF5-7D853C712A3A}.Debug|Any CPU.Build.0 = Debug|Any CPU
		{636F7FEB-12AF-4001-BEF5-7D853C712A3A}.Release|Any CPU.ActiveCfg = Release|Any CPU
		{636F7FEB-12AF-4001-BEF5-7D853C712A3A}.Release|Any CPU.Build.0 = Release|Any CPU
	EndGlobalSection
	GlobalSection(SolutionProperties) = preSolution
		HideSolutionNode = FALSE
	EndGlobalSection
	GlobalSection(ExtensibilityGlobals) = postSolution
		SolutionGuid = {B9B28A41-4F31-4A6E-A2AA-CD4A9E2B1D73}
	EndGlobalSection
EndGlobal
